
Microsoft Visual Studio Solution File, Format Version 12.00
# Visual Studio Version 17
VisualStudioVersion = 17.7.34024.191
MinimumVisualStudioVersion = 10.0.40219.1
Project("{FAE04EC0-301F-11D3-BF4B-00C04F79EFBC}") = "DeliveryBot.Api", "DeliveryBot.Api\DeliveryBot.Api.csproj", "{74F7DB81-1781-4864-B683-8A8C528973D0}"
EndProject
Project("{FAE04EC0-301F-11D3-BF4B-00C04F79EFBC}") = "DeliveryBot.Application", "DeliveryBot.Application\DeliveryBot.Application.csproj", "{65D4AA1D-FC81-44EE-88B7-6341CC4B2F40}"
EndProject
Project("{FAE04EC0-301F-11D3-BF4B-00C04F79EFBC}") = "DeliveryBot.Infrastructure", "DeliveryBot.Infrastructure\DeliveryBot.Infrastructure.csproj", "{4714497A-E42C-4F78-BC22-4F8AE250D8E2}"
EndProject
Global
	GlobalSection(SolutionConfigurationPlatforms) = preSolution
		Debug|Any CPU = Debug|Any CPU
		Release|Any CPU = Release|Any CPU
	EndGlobalSection
	GlobalSection(ProjectConfigurationPlatforms) = postSolution
		{74F7DB81-1781-4864-B683-8A8C528973D0}.Debug|Any CPU.ActiveCfg = Debug|Any CPU
		{74F7DB81-1781-4864-B683-8A8C528973D0}.Debug|Any CPU.Build.0 = Debug|Any CPU
		{74F7DB81-1781-4864-B683-8A8C528973D0}.Release|Any CPU.ActiveCfg = Release|Any CPU
		{74F7DB81-1781-4864-B683-8A8C528973D0}.Release|Any CPU.Build.0 = Release|Any CPU
		{65D4AA1D-FC81-44EE-88B7-6341CC4B2F40}.Debug|Any CPU.ActiveCfg = Debug|Any CPU
		{65D4AA1D-FC81-44EE-88B7-6341CC4B2F40}.Debug|Any CPU.Build.0 = Debug|Any CPU
		{65D4AA1D-FC81-44EE-88B7-6341CC4B2F40}.Release|Any CPU.ActiveCfg = Release|Any CPU
		{65D4AA1D-FC81-44EE-88B7-6341CC4B2F40}.Release|Any CPU.Build.0 = Release|Any CPU
		{4714497A-E42C-4F78-BC22-4F8AE250D8E2}.Debug|Any CPU.ActiveCfg = Debug|Any CPU
		{4714497A-E42C-4F78-BC22-4F8AE250D8E2}.Debug|Any CPU.Build.0 = Debug|Any CPU
		{4714497A-E42C-4F78-BC22-4F8AE250D8E2}.Release|Any CPU.ActiveCfg = Release|Any CPU
		{4714497A-E42C-4F78-BC22-4F8AE250D8E2}.Release|Any CPU.Build.0 = Release|Any CPU
	EndGlobalSection
	GlobalSection(SolutionProperties) = preSolution
		HideSolutionNode = FALSE
	EndGlobalSection
	GlobalSection(ExtensibilityGlobals) = postSolution
		SolutionGuid = {2B64F34E-0496-4F99-A38A-5EC1EE992A3F}
	EndGlobalSection
EndGlobal
